lockfileVersion: 5.4

specifiers:
  mem: 3.0.1

dependencies:
  mem: 3.0.1

packages:

  /mem/3.0.1:
    resolution: {integrity: sha512-QKs47bslvOE0NbXOqG6lMxn6Bk0Iuw0vfrIeLykmQle2LkCw1p48dZDdzE+D88b/xqRJcZGcMNeDvSVma+NuIQ==}
    engines: {node: '>=4'}
    dependencies:
      mimic-fn: 1.2.0
      p-is-promise: 1.1.0
    dev: false

  /mimic-fn/1.2.0:
    resolution: {integrity: sha512-jf84uxzwiuiIVKiOLpfYk7N46TSy8ubTonmneY9vrpHNAnp0QBt2BxWV9dO3/j+BoVAb+a5G6YDPW3M5HOdMWQ==}
    engines: {node: '>=4'}
    dev: false

  /p-is-promise/1.1.0:
    resolution: {integrity: sha512-zL7VE4JVS2IFSkR2GQKDSPEVxkoH43/p7oEnwpdCndKYJO0HVeRB7fA8TJwuLOTBREtK0ea8eHaxdwcpob5dmg==}
    engines: {node: '>=4'}
    dev: false
