lockfileVersion: 5.4

specifiers:
  mem: 4.0.0

dependencies:
  mem: 4.0.0

packages:

  /map-age-cleaner/0.1.3:
    resolution: {integrity: sha512-bJzx6nMoP6PDLPBFmg7+xRKeFZvFboMrGlxmNj9ClvX53KrmvM5bXFXEWjbz4cz1AFn+jWJ9z/DJSz7hrs0w3w==}
    engines: {node: '>=6'}
    dependencies:
      p-defer: 1.0.0
    dev: false

  /mem/4.0.0:
    resolution: {integrity: sha512-WQxG/5xYc3tMbYLXoXPm81ET2WDULiU5FxbuIoNbJqLOOI8zehXFdZuiUEgfdrU2mVB1pxBZUGlYORSrpuJreA==}
    engines: {node: '>=6'}
    dependencies:
      map-age-cleaner: 0.1.3
      mimic-fn: 1.2.0
      p-is-promise: 1.1.0
    dev: false

  /mimic-fn/1.2.0:
    resolution: {integrity: sha512-jf84uxzwiuiIVKiOLpfYk7N46TSy8ubTonmneY9vrpHNAnp0QBt2BxWV9dO3/j+BoVAb+a5G6YDPW3M5HOdMWQ==}
    engines: {node: '>=4'}
    dev: false

  /p-defer/1.0.0:
    resolution: {integrity: sha512-wB3wfAxZpk2AzOfUMJNL+d36xothRSyj8EXOa4f6GMqYDN9BJaaSISbsk+wS9abmnebVw95C2Kb5t85UmpCxuw==}
    engines: {node: '>=4'}
    dev: false

  /p-is-promise/1.1.0:
    resolution: {integrity: sha512-zL7VE4JVS2IFSkR2GQKDSPEVxkoH43/p7oEnwpdCndKYJO0HVeRB7fA8TJwuLOTBREtK0ea8eHaxdwcpob5dmg==}
    engines: {node: '>=4'}
    dev: false
